
Microsoft Visual Studio Solution File, Format Version 12.00
# Visual Studio Version 16
VisualStudioVersion = 16.0.30804.86
MinimumVisualStudioVersion = 10.0.40219.1
Project("{FAE04EC0-301F-11D3-BF4B-00C04F79EFBC}") = "Order_Grabber_DataService", "Order_Grabber_DataService\Order_Grabber_DataService.csproj", "{F1D09201-8362-4B79-B7E1-BCA7595705A8}"
EndProject
Project("{FAE04EC0-301F-11D3-BF4B-00C04F79EFBC}") = "Order_Grabber_Web", "Order_Grabber_Web\Order_Grabber_Web.csproj", "{A19B4543-6B4D-4208-83FC-B540376F479C}"
	ProjectSection(ProjectDependencies) = postProject
		{F1D09201-8362-4B79-B7E1-BCA7595705A8} = {F1D09201-8362-4B79-B7E1-BCA7595705A8}
	EndProjectSection
EndProject
Global
	GlobalSection(SolutionConfigurationPlatforms) = preSolution
		Debug|Any CPU = Debug|Any CPU
		Release|Any CPU = Release|Any CPU
	EndGlobalSection
	GlobalSection(ProjectConfigurationPlatforms) = postSolution
		{F1D09201-8362-4B79-B7E1-BCA7595705A8}.Debug|Any CPU.ActiveCfg = Debug|Any CPU
		{F1D09201-8362-4B79-B7E1-BCA7595705A8}.Debug|Any CPU.Build.0 = Debug|Any CPU
		{F1D09201-8362-4B79-B7E1-BCA7595705A8}.Release|Any CPU.ActiveCfg = Release|Any CPU
		{F1D09201-8362-4B79-B7E1-BCA7595705A8}.Release|Any CPU.Build.0 = Release|Any CPU
		{A19B4543-6B4D-4208-83FC-B540376F479C}.Debug|Any CPU.ActiveCfg = Debug|Any CPU
		{A19B4543-6B4D-4208-83FC-B540376F479C}.Debug|Any CPU.Build.0 = Debug|Any CPU
		{A19B4543-6B4D-4208-83FC-B540376F479C}.Release|Any CPU.ActiveCfg = Release|Any CPU
		{A19B4543-6B4D-4208-83FC-B540376F479C}.Release|Any CPU.Build.0 = Release|Any CPU
	EndGlobalSection
	GlobalSection(SolutionProperties) = preSolution
		HideSolutionNode = FALSE
	EndGlobalSection
	GlobalSection(ExtensibilityGlobals) = postSolution
		SolutionGuid = {48151E6B-B386-40F0-AB8A-8E07FF325F87}
	EndGlobalSection
EndGlobal
