
Microsoft Visual Studio Solution File, Format Version 12.00
# Visual Studio Version 16
VisualStudioVersion = 16.0.30804.86
MinimumVisualStudioVersion = 10.0.40219.1
Project("{FAE04EC0-301F-11D3-BF4B-00C04F79EFBC}") = "Data_Service", "Data_Service\Data_Service.csproj", "{AB816B46-4210-4A88-B0EF-D15AB909E3D3}"
EndProject
Project("{FAE04EC0-301F-11D3-BF4B-00C04F79EFBC}") = "WebApp", "WebApp\WebApp.csproj", "{5FA2F2C6-AEC4-4783-87F6-A3D2A25ED8AB}"
	ProjectSection(ProjectDependencies) = postProject
		{AB816B46-4210-4A88-B0EF-D15AB909E3D3} = {AB816B46-4210-4A88-B0EF-D15AB909E3D3}
	EndProjectSection
EndProject
Project("{FAE04EC0-301F-11D3-BF4B-00C04F79EFBC}") = "ConsoleApp1", "ConsoleApp1\ConsoleApp1.csproj", "{EEEF729B-56C5-46F8-9F9E-88876160E055}"
	ProjectSection(ProjectDependencies) = postProject
		{AB816B46-4210-4A88-B0EF-D15AB909E3D3} = {AB816B46-4210-4A88-B0EF-D15AB909E3D3}
	EndProjectSection
EndProject
Global
	GlobalSection(SolutionConfigurationPlatforms) = preSolution
		Debug|Any CPU = Debug|Any CPU
		Release|Any CPU = Release|Any CPU
	EndGlobalSection
	GlobalSection(ProjectConfigurationPlatforms) = postSolution
		{AB816B46-4210-4A88-B0EF-D15AB909E3D3}.Debug|Any CPU.ActiveCfg = Debug|Any CPU
		{AB816B46-4210-4A88-B0EF-D15AB909E3D3}.Debug|Any CPU.Build.0 = Debug|Any CPU
		{AB816B46-4210-4A88-B0EF-D15AB909E3D3}.Release|Any CPU.ActiveCfg = Release|Any CPU
		{AB816B46-4210-4A88-B0EF-D15AB909E3D3}.Release|Any CPU.Build.0 = Release|Any CPU
		{5FA2F2C6-AEC4-4783-87F6-A3D2A25ED8AB}.Debug|Any CPU.ActiveCfg = Debug|Any CPU
		{5FA2F2C6-AEC4-4783-87F6-A3D2A25ED8AB}.Debug|Any CPU.Build.0 = Debug|Any CPU
		{5FA2F2C6-AEC4-4783-87F6-A3D2A25ED8AB}.Release|Any CPU.ActiveCfg = Release|Any CPU
		{5FA2F2C6-AEC4-4783-87F6-A3D2A25ED8AB}.Release|Any CPU.Build.0 = Release|Any CPU
		{EEEF729B-56C5-46F8-9F9E-88876160E055}.Debug|Any CPU.ActiveCfg = Debug|Any CPU
		{EEEF729B-56C5-46F8-9F9E-88876160E055}.Debug|Any CPU.Build.0 = Debug|Any CPU
		{EEEF729B-56C5-46F8-9F9E-88876160E055}.Release|Any CPU.ActiveCfg = Release|Any CPU
		{EEEF729B-56C5-46F8-9F9E-88876160E055}.Release|Any CPU.Build.0 = Release|Any CPU
	EndGlobalSection
	GlobalSection(SolutionProperties) = preSolution
		HideSolutionNode = FALSE
	EndGlobalSection
	GlobalSection(ExtensibilityGlobals) = postSolution
		SolutionGuid = {48151E6B-B386-40F0-AB8A-8E07FF325F87}
	EndGlobalSection
EndGlobal
